{
    "_readme": [
        "This file locks the dependencies of your project to a known state",
        "Read more about it at http://getcomposer.org/doc/01-basic-usage.md#composer-lock-the-lock-file"
    ],
    "hash": "7eafe1742ec3d5a3ebae042293c01459",
    "packages": [

    ],
    "packages-dev": [
        {
            "name": "atoum/atoum",
            "version": "dev-extension",
            "source": {
                "type": "git",
                "url": "https://github.com/jubianchi/atoum.git",
                "reference": "a2ce95319bad1011b2ee4ad3aba4065d178e9994"
            },
            "dist": {
                "type": "zip",
                "url": "https://api.github.com/repos/jubianchi/atoum/zipball/a2ce95319bad1011b2ee4ad3aba4065d178e9994",
                "reference": "a2ce95319bad1011b2ee4ad3aba4065d178e9994",
                "shasum": ""
            },
            "require": {
                "ext-hash": "*",
                "ext-json": "*",
                "ext-session": "*",
                "ext-tokenizer": "*",
                "ext-xml": "*",
                "php": ">=5.3.3"
            },
            "replace": {
                "mageekguy/atoum": "*"
            },
            "suggest": {
                "ext-mbstring": "Provides support for UTF-8 strings"
            },
            "bin": [
                "bin/atoum"
            ],
            "type": "library",
            "autoload": {
                "classmap": [
                    "classes/"
                ]
            },
            "license": [
                "BSD"
            ],
            "authors": [
                {
                    "name": "Frédéric Hardy",
                    "email": "frederic.hardy@atoum.org",
                    "homepage": "http://blog.mageekbox.net"
                },
                {
                    "name": "François Dussert",
                    "email": "francois.dussert@atoum.org"
                },
                {
                    "name": "Gérald Croes",
                    "email": "gerald.croes@atoum.org"
                },
                {
                    "name": "Julien Bianchi",
                    "email": "julien.bianchi@atoum.org"
                },
                {
                    "name": "Ludovic Fleury",
                    "email": "ludovic.fleury@atoum.org"
                }
            ],
            "description": "Simple modern and intuitive unit testing framework for PHP 5.3+",
            "homepage": "http://www.atoum.org",
            "keywords": [
                "TDD",
                "atoum",
                "test",
                "unit testing"
            ],
            "support": {
                "source": "https://github.com/jubianchi/atoum/tree/extension",
                "issues": "https://github.com/jubianchi/atoum/issues"
            },
            "time": "2014-03-24 15:42:18"
        },
        {
            "name": "atoum/bdd-extension",
            "version": "dev-master",
            "source": {
                "type": "git",
                "url": "https://github.com/jubianchi/atoum-bdd-extension.git",
                "reference": "e67c1d784122c3398f11b984e6d7e471429e6892"
            },
            "dist": {
                "type": "zip",
                "url": "https://api.github.com/repos/jubianchi/atoum-bdd-extension/zipball/e67c1d784122c3398f11b984e6d7e471429e6892",
                "reference": "e67c1d784122c3398f11b984e6d7e471429e6892",
                "shasum": ""
            },
            "require-dev": {
                "atoum/atoum": "dev-extension"
            },
            "type": "library",
            "autoload": {
                "psr-4": {
                    "mageekguy\\atoum\\bdd\\": "classes"
                },
                "files": [
                    "autoloader.php"
                ]
            },
            "license": [
                "BSD"
            ],
            "authors": [
                {
                    "name": "jubianchi",
                    "email": "contact@jubianchi.fr"
                }
            ],
            "description": "atoum extension to writes specs",
            "homepage": "http://www.atoum.org",
            "keywords": [
                "TDD",
                "atoum",
                "bdd",
                "spec",
                "test",
                "unit testing"
            ],
            "support": {
                "source": "https://github.com/jubianchi/atoum-bdd-extension/tree/master",
                "issues": "https://github.com/jubianchi/atoum-bdd-extension/issues"
            },
            "time": "2014-04-22 15:22:03"
        }
    ],
    "aliases": [

    ],
    "minimum-stability": "stable",
    "stability-flags": {
        "atoum/atoum": 20,
        "atoum/bdd-extension": 20
    },
    "platform": [

    ],
    "platform-dev": [

    ]
}
